
Microsoft Visual Studio Solution File, Format Version 12.00
# Visual Studio 15
VisualStudioVersion = 15.0.27703.2047
MinimumVisualStudioVersion = 10.0.40219.1
Project("{8BC9CEB8-8B4A-11D0-8D11-00A0C91BC942}") = "v8", "v8.vcxproj", "{DF177F47-4C86-448D-A314-AA1600715CEA}"
EndProject
Global
	GlobalSection(SolutionConfigurationPlatforms) = preSolution
		Debug|x86 = Debug|x86
		Release|x86 = Release|x86
	EndGlobalSection
	GlobalSection(ProjectConfigurationPlatforms) = postSolution
		{DF177F47-4C86-448D-A314-AA1600715CEA}.Debug|x86.ActiveCfg = Debug|Win32
		{DF177F47-4C86-448D-A314-AA1600715CEA}.Debug|x86.Build.0 = Debug|Win32
		{DF177F47-4C86-448D-A314-AA1600715CEA}.Release|x86.ActiveCfg = Release|Win32
		{DF177F47-4C86-448D-A314-AA1600715CEA}.Release|x86.Build.0 = Release|Win32
	EndGlobalSection
	GlobalSection(SolutionProperties) = preSolution
		HideSolutionNode = FALSE
	EndGlobalSection
	GlobalSection(ExtensibilityGlobals) = postSolution
		SolutionGuid = {36B74034-505F-41D5-AABB-12E3FA82C25E}
	EndGlobalSection
EndGlobal
